PODS:
  - AFNetworking (2.5.0):
    - AFNetworking/NSURLConnection (= 2.5.0)
    - AFNetworking/NSURLSession (= 2.5.0)
    - AFNetworking/Reachability (= 2.5.0)
    - AFNetworking/Security (= 2.5.0)
    - AFNetworking/Serialization (= 2.5.0)
    - AFNetworking/UIKit (= 2.5.0)
  - AFNetworking/NSURLConnection (2.5.0):
    - AFNetworking/Reachability
    - AFNetworking/Security
    - AFNetworking/Serialization
  - AFNetworking/NSURLSession (2.5.0):
    - AFNetworking/Reachability
    - AFNetworking/Security
    - AFNetworking/Serialization
  - AFNetworking/Reachability (2.5.0)
  - AFNetworking/Security (2.5.0)
  - AFNetworking/Serialization (2.5.0)
  - AFNetworking/UIKit (2.5.0):
    - AFNetworking/NSURLConnection
    - AFNetworking/NSURLSession
  - KZPropertyMapper (2.5.1)
  - MHPrettyDate (1.1.1)
  - MTJSONUtils (0.1.1)
  - PureLayout (2.0.4)
  - TTTAttributedLabel (1.13.0)
  - UALogger (0.3)

DEPENDENCIES:
  - AFNetworking
  - KZPropertyMapper
  - MHPrettyDate
  - MTJSONUtils
  - PureLayout
  - TTTAttributedLabel
  - UALogger

SPEC CHECKSUMS:
  AFNetworking: 0f54cb5d16ce38c1b76948faffb8d5fb705021c7
  KZPropertyMapper: f06b00ff0c114bf8db45754a694b57278a628b5b
  MHPrettyDate: d9f42f2ec3dfece6352f18ac77aa33312174e09e
  MTJSONUtils: 2942d50ea1273b1e95e98a6a1df76997896c5a78
  PureLayout: ddf4fedf7e2f5984f972bbd2205dda4fc3418347
  TTTAttributedLabel: a847b59a75c92d59f4eabc9cc1745704cff2dc36
  UALogger: 6e4cfa6dff135f8e1ae0c8f6c60a43328c26b402

COCOAPODS: 0.35.0
